
Microsoft Visual Studio Solution File, Format Version 12.00
# Visual Studio Version 16
VisualStudioVersion = 16.0.30907.101
MinimumVisualStudioVersion = 10.0.40219.1
Project("{FAE04EC0-301F-11D3-BF4B-00C04F79EFBC}") = "Administration.Services", "Administration.Services.csproj", "{FE867CD4-28C5-43DD-8E4E-035298DD0D43}"
EndProject
Project("{9A19103F-16F7-4668-BE54-9A1E7A4F7556}") = "Administration.Data", "..\Administration.Data\Administration.Data.csproj", "{5CAA6E05-69D3-4365-855F-F68E94A0251D}"
EndProject
Global
	GlobalSection(SolutionConfigurationPlatforms) = preSolution
		Debug|Any CPU = Debug|Any CPU
		Release|Any CPU = Release|Any CPU
	EndGlobalSection
	GlobalSection(ProjectConfigurationPlatforms) = postSolution
		{FE867CD4-28C5-43DD-8E4E-035298DD0D43}.Debug|Any CPU.ActiveCfg = Debug|Any CPU
		{FE867CD4-28C5-43DD-8E4E-035298DD0D43}.Debug|Any CPU.Build.0 = Debug|Any CPU
		{FE867CD4-28C5-43DD-8E4E-035298DD0D43}.Release|Any CPU.ActiveCfg = Release|Any CPU
		{FE867CD4-28C5-43DD-8E4E-035298DD0D43}.Release|Any CPU.Build.0 = Release|Any CPU
		{5CAA6E05-69D3-4365-855F-F68E94A0251D}.Debug|Any CPU.ActiveCfg = Debug|Any CPU
		{5CAA6E05-69D3-4365-855F-F68E94A0251D}.Debug|Any CPU.Build.0 = Debug|Any CPU
		{5CAA6E05-69D3-4365-855F-F68E94A0251D}.Release|Any CPU.ActiveCfg = Release|Any CPU
		{5CAA6E05-69D3-4365-855F-F68E94A0251D}.Release|Any CPU.Build.0 = Release|Any CPU
	EndGlobalSection
	GlobalSection(SolutionProperties) = preSolution
		HideSolutionNode = FALSE
	EndGlobalSection
	GlobalSection(ExtensibilityGlobals) = postSolution
		SolutionGuid = {2931203A-8D80-4C2D-8C68-5FB5C7B1BF28}
	EndGlobalSection
EndGlobal
